{
    "_meta": {
        "hash": {
            "sha256": "c92b2ea1ba214f31db9cf1e9a6d9a54e5e0319b1c4049ca0576d8613a832b546"
        },
        "pipfile-spec": 6,
        "requires": {
            "python_version": "3.8"
        },
        "sources": [
            {
                "name": "pypi",
                "url": "https://pypi.org/simple",
                "verify_ssl": true
            }
        ]
    },
    "default": {
        "asgiref": {
            "hashes": [
                "sha256:4ef1ab46b484e3c706329cedeff284a5d40824200638503f5768edb6de7d58e9",
                "sha256:ffc141aa908e6f175673e7b1b3b7af4fdb0ecb738fc5c8b88f69f055c2415214"
            ],
            "markers": "python_version >= '3.6'",
            "version": "==3.4.1"
        },
        "attrs": {
            "hashes": [
                "sha256:149e90d6d8ac20db7a955ad60cf0e6881a3f20d37096140088356da6c716b0b1",
                "sha256:ef6aaac3ca6cd92904cdd0d83f629a15f18053ec84e6432106f7a4d04ae4f5fb"
            ],
            "markers": "python_version >= '2.7' and python_version not in '3.0, 3.1, 3.2, 3.3, 3.4'",
            "version": "==21.2.0"
        },
        "certifi": {
            "hashes": [
                "sha256:2bbf76fd432960138b3ef6dda3dde0544f27cbf8546c458e60baf371917ba9ee",
                "sha256:50b1e4f8446b06f41be7dd6338db18e0990601dce795c2b1686458aa7e8fa7d8"
            ],
            "version": "==2021.5.30"
        },
        "charset-normalizer": {
            "hashes": [
                "sha256:5d209c0a931f215cee683b6445e2d77677e7e75e159f78def0db09d68fafcaa6",
                "sha256:5ec46d183433dcbd0ab716f2d7f29d8dee50505b3fdb40c6b985c7c4f5a3591f"
            ],
            "markers": "python_version >= '3'",
            "version": "==2.0.6"
        },
        "dj-database-url": {
            "hashes": [
                "sha256:4aeaeb1f573c74835b0686a2b46b85990571159ffc21aa57ecd4d1e1cb334163",
                "sha256:851785365761ebe4994a921b433062309eb882fedd318e1b0fcecc607ed02da9"
            ],
            "version": "==0.5.0"
        },
        "django": {
            "hashes": [
                "sha256:42573831292029639b798fe4d3812996bfe4ff3275f04566da90764daec011a5",
                "sha256:f6d2c4069c9b9bfac03bedff927ea1f9e0d29e34525cec8a68fd28eb2a8df7af"
            ],
            "index": "pypi",
            "version": "==3.2.8"
        },
        "django-heroku": {
            "hashes": [
                "sha256:2bc690aab89eedbe01311752320a9a12e7548e3b0ed102681acc5736a41a4762",
                "sha256:6af4bc3ae4a9b55eaad6dbe5164918982d2762661aebc9f83d9fa49f6009514e"
            ],
            "index": "pypi",
            "version": "==0.3.1"
        },
        "djangorestframework": {
            "hashes": [
                "sha256:6d1d59f623a5ad0509fe0d6bfe93cbdfe17b8116ebc8eda86d45f6e16e819aaf",
                "sha256:f747949a8ddac876e879190df194b925c177cdeb725a099db1460872f7c0a7f2"
            ],
            "index": "pypi",
            "version": "==3.12.4"
        },
        "drf-spectacular": {
            "hashes": [
                "sha256:34ecb255b4bbe9646671430a4cd27266f2c867553e261168ab0c1bc2de8e59dd",
                "sha256:738471216c65c79eb6018dd8be9da28d2b1b7d8a05e1de7f99274c35dd70c15a"
            ],
            "index": "pypi",
            "version": "==0.20.1"
        },
        "gunicorn": {
            "hashes": [
                "sha256:9dcc4547dbb1cb284accfb15ab5667a0e5d1881cc443e0677b4882a4067a807e",
                "sha256:e0a968b5ba15f8a328fdfd7ab1fcb5af4470c28aaf7e55df02a99bc13138e6e8"
            ],
            "index": "pypi",
            "version": "==20.1.0"
        },
        "idna": {
            "hashes": [
                "sha256:14475042e284991034cb48e06f6851428fb14c4dc953acd9be9a5e95c7b6dd7a",
                "sha256:467fbad99067910785144ce333826c71fb0e63a425657295239737f7ecd125f3"
            ],
            "markers": "python_version >= '3'",
            "version": "==3.2"
        },
        "inflection": {
            "hashes": [
                "sha256:1a29730d366e996aaacffb2f1f1cb9593dc38e2ddd30c91250c6dde09ea9b417",
                "sha256:f38b2b640938a4f35ade69ac3d053042959b62a0f1076a5bbaa1b9526605a8a2"
            ],
            "markers": "python_version >= '3.5'",
            "version": "==0.5.1"
        },
        "jsonschema": {
            "hashes": [
                "sha256:48f4e74f8bec0c2f75e9fcfffa264e78342873e1b57e2cfeae54864cc5e9e4dd",
                "sha256:9938802041347f2c62cad2aef59e9a0826cd34584f3609db950efacb4dbf6518"
            ],
            "markers": "python_version >= '3.7'",
            "version": "==4.0.1"
        },
        "psycopg2": {
            "hashes": [
                "sha256:079d97fc22de90da1d370c90583659a9f9a6ee4007355f5825e5f1c70dffc1fa",
                "sha256:2087013c159a73e09713294a44d0c8008204d06326006b7f652bef5ace66eebb",
                "sha256:2c992196719fadda59f72d44603ee1a2fdcc67de097eea38d41c7ad9ad246e62",
                "sha256:7640e1e4d72444ef012e275e7b53204d7fab341fb22bc76057ede22fe6860b25",
                "sha256:7f91312f065df517187134cce8e395ab37f5b601a42446bdc0f0d51773621854",
                "sha256:830c8e8dddab6b6716a4bf73a09910c7954a92f40cf1d1e702fb93c8a919cc56",
                "sha256:89409d369f4882c47f7ea20c42c5046879ce22c1e4ea20ef3b00a4dfc0a7f188",
                "sha256:bf35a25f1aaa8a3781195595577fcbb59934856ee46b4f252f56ad12b8043bcf",
                "sha256:de5303a6f1d0a7a34b9d40e4d3bef684ccc44a49bbe3eb85e3c0bffb4a131b7c"
            ],
            "index": "pypi",
            "version": "==2.9.1"
        },
        "pyrsistent": {
            "hashes": [
                "sha256:097b96f129dd36a8c9e33594e7ebb151b1515eb52cceb08474c10a5479e799f2",
                "sha256:2aaf19dc8ce517a8653746d98e962ef480ff34b6bc563fc067be6401ffb457c7",
                "sha256:404e1f1d254d314d55adb8d87f4f465c8693d6f902f67eb6ef5b4526dc58e6ea",
                "sha256:48578680353f41dca1ca3dc48629fb77dfc745128b56fc01096b2530c13fd426",
                "sha256:4916c10896721e472ee12c95cdc2891ce5890898d2f9907b1b4ae0f53588b710",
                "sha256:527be2bfa8dc80f6f8ddd65242ba476a6c4fb4e3aedbf281dfbac1b1ed4165b1",
                "sha256:58a70d93fb79dc585b21f9d72487b929a6fe58da0754fa4cb9f279bb92369396",
                "sha256:5e4395bbf841693eaebaa5bb5c8f5cdbb1d139e07c975c682ec4e4f8126e03d2",
                "sha256:6b5eed00e597b5b5773b4ca30bd48a5774ef1e96f2a45d105db5b4ebb4bca680",
                "sha256:73ff61b1411e3fb0ba144b8f08d6749749775fe89688093e1efef9839d2dcc35",
                "sha256:772e94c2c6864f2cd2ffbe58bb3bdefbe2a32afa0acb1a77e472aac831f83427",
                "sha256:773c781216f8c2900b42a7b638d5b517bb134ae1acbebe4d1e8f1f41ea60eb4b",
                "sha256:a0c772d791c38bbc77be659af29bb14c38ced151433592e326361610250c605b",
                "sha256:b29b869cf58412ca5738d23691e96d8aff535e17390128a1a52717c9a109da4f",
                "sha256:c1a9ff320fa699337e05edcaae79ef8c2880b52720bc031b219e5b5008ebbdef",
                "sha256:cd3caef37a415fd0dae6148a1b6957a8c5f275a62cca02e18474608cb263640c",
                "sha256:d5ec194c9c573aafaceebf05fc400656722793dac57f254cd4741f3c27ae57b4",
                "sha256:da6e5e818d18459fa46fac0a4a4e543507fe1110e808101277c5a2b5bab0cd2d",
                "sha256:e79d94ca58fcafef6395f6352383fa1a76922268fa02caa2272fff501c2fdc78",
                "sha256:f3ef98d7b76da5eb19c37fda834d50262ff9167c65658d1d8f974d2e4d90676b",
                "sha256:f4c8cabb46ff8e5d61f56a037974228e978f26bfefce4f61a4b1ac0ba7a2ab72"
            ],
            "markers": "python_version >= '3.6'",
            "version": "==0.18.0"
        },
        "pytz": {
            "hashes": [
                "sha256:3672058bc3453457b622aab7a1c3bfd5ab0bdae451512f6cf25f64ed37f5b87c",
                "sha256:acad2d8b20a1af07d4e4c9d2e9285c5ed9104354062f275f3fcd88dcef4f1326"
            ],
            "version": "==2021.3"
        },
        "pyyaml": {
            "hashes": [
                "sha256:0044ec607d28033fc79d9900748eafdd62e9a79d3882858e8c0c001f30e9c79a",
                "sha256:0495b956bd45025c5d13ae8af0ea238923e88f2d98efd7484ec99dac46291d22",
                "sha256:09317957e01b6b4da6f9ea96f9e661225662212acee57fcb201775a82196523e",
                "sha256:0b2167570ea8e96a2710efaae860d71cc3f80e35fe07a915093c596170f024bf",
                "sha256:1114a62d443cb157ac36beb79fc323d830f4a0586ffd1da8319d72fbf4514d6c",
                "sha256:11dae7bfe84016061d528c355bbe0faa0775f077f21831b1fbaa7997b266ca99",
                "sha256:171533a79a71520ccdf08136012ea0c8fe7f152cda69168dc38ea34da67c9f80",
                "sha256:1fffde5b126e4433829530b621a209c07a4c2a808b03e5b808419745b3509c79",
                "sha256:267bf63c911ab6302341e37329f049ddfcab4aea26c8895da1e6a5bcdf1bcc37",
                "sha256:26fdf07f0d7442fe4cc637aadeb08e9e6dc853f9a4d99a3d813bd23dc6e1cc52",
                "sha256:2ea9326fba939d5e87a1890c27a7aaf5a75e49cfe2c1696bc4fbb25305ca2767",
                "sha256:33d6ec1e993c063d4fb4009f439a3d81773ca81cc4109f701eb7a4782d171495",
                "sha256:40f637ea3333c0969c3f4127393a5f908f40f7e85605f9e6f568cff2c66849ef",
                "sha256:437e3796f5dd7f2ad8f70084f7fe82472b11483aa1c53c073ab430974bdf1b6d",
                "sha256:4983bee1be18c3faed20c8eead1c543c1356a2b468984c1385b523e23d3ab0ed",
                "sha256:499b0b45b68671df4b47b185a5a664d6e3871c93956c6f70bf04de5344c6ef02",
                "sha256:56e213cbb463f43f354a9d0a455b68128599df9a8aed0f7ac8e7b7fbbc219bee",
                "sha256:639787884913ee65a617fd826abb6d8b0c4896d533d0caae05b031d7b4089faf",
                "sha256:68877239810a357a100157233314784ab332ee33bc978de030d0135553db69e2",
                "sha256:69b8e0559a01ef14b5d76882c2b49f643ab6d5b953ec5e5590411d2bdb707f4a",
                "sha256:77627ca1909b1c9efdd42d7c7f680b22e620ffda5f64b01ba282bd5a59a5d108",
                "sha256:839f695fedfb65dbca690ce57907e076d355ee7c34b857c13926e251d1381ce7",
                "sha256:9175c938a11a371421e2221faf1ae9d32e86462953917854d70afd2048bb7495",
                "sha256:a978f8308deff49581479be11e7455af9b3d368dd3c3cb5c22b32c691b12b172",
                "sha256:acd3d75d7ce71850f9d3972f68baca1133a8cd27e6153d64d00be8504a491c8c",
                "sha256:b811ca77229f55eab2d9b3c6abc6d44c9be3f04461f04ab87f523d778c55c782",
                "sha256:da51ac8b4d42f9197cad065d6c3e2815eb768eac1d7fc0f9c343db280b1b9edc",
                "sha256:dfeba8c78b9db00667b94cddb1db6559e068cb7f469e681a4e9aa74dc3e86b24",
                "sha256:e35aff01f870f898f4e4b5360a3f18c98f9c47edab1c2d6bdfa5c876bf74ab73",
                "sha256:e47100ec1e464ff8a43e4c96758fd9cd66d202986d93de0f2962c1a7cb851391",
                "sha256:e628d48defb4a7eacb2087d42f9a7576324279c9b769625941ba39d78c441e29",
                "sha256:ebf35bb455f33c1ff3a61031a68f930bd69e88ee3a0882d3d5e677b823785d1e",
                "sha256:fb03b63e01fd848abb4219b2c2103a1962358c8f4db5150f7a5c1136d3e24d2e"
            ],
            "markers": "python_version >= '3.6'",
            "version": "==6.0b1"
        },
        "requests": {
            "hashes": [
                "sha256:6c1246513ecd5ecd4528a0906f910e8f0f9c6b8ec72030dc9fd154dc1a6efd24",
                "sha256:b8aa58f8cf793ffd8782d3d8cb19e66ef36f7aba4353eec859e74678b01b07a7"
            ],
            "index": "pypi",
            "version": "==2.26.0"
        },
        "sqlparse": {
            "hashes": [
                "sha256:0c00730c74263a94e5a9919ade150dfc3b19c574389985446148402998287dae",
                "sha256:48719e356bb8b42991bdbb1e8b83223757b93789c00910a616a071910ca4a64d"
            ],
            "markers": "python_version >= '3.5'",
            "version": "==0.4.2"
        },
        "uritemplate": {
            "hashes": [
                "sha256:07620c3f3f8eed1f12600845892b0e036a2420acf513c53f7de0abd911a5894f",
                "sha256:5af8ad10cec94f215e3f48112de2022e1d5a37ed427fbd88652fa908f2ab7cae"
            ],
            "markers": "python_version >= '2.7' and python_version not in '3.0, 3.1, 3.2, 3.3'",
            "version": "==3.0.1"
        },
        "urllib3": {
            "hashes": [
                "sha256:4987c65554f7a2dbf30c18fd48778ef124af6fab771a377103da0585e2336ece",
                "sha256:c4fdf4019605b6e5423637e01bc9fe4daef873709a7973e195ceba0a62bbc844"
            ],
            "markers": "python_version >= '2.7' and python_version not in '3.0, 3.1, 3.2, 3.3, 3.4' and python_version < '4'",
            "version": "==1.26.7"
        },
        "whitenoise": {
            "hashes": [
                "sha256:d234b871b52271ae7ed6d9da47ffe857c76568f11dd30e28e18c5869dbd11e12",
                "sha256:d963ef25639d1417e8a247be36e6aedd8c7c6f0a08adcb5a89146980a96b577c"
            ],
            "index": "pypi",
            "version": "==5.3.0"
        }
    },
    "develop": {}
}
